
Microsoft Visual Studio Solution File, Format Version 12.00
# Visual Studio Version 17
VisualStudioVersion = 17.7.34031.279
MinimumVisualStudioVersion = 10.0.40219.1
Project("{F184B08F-C81C-45F6-A57F-5ABD9991F28F}") = "13. Password craker", "13. Password craker.vbproj", "{6AFD8909-5624-4275-8344-D6664B0ABD4A}"
EndProject
Global
	GlobalSection(SolutionConfigurationPlatforms) = preSolution
		Debug|Any CPU = Debug|Any CPU
		Release|Any CPU = Release|Any CPU
	EndGlobalSection
	GlobalSection(ProjectConfigurationPlatforms) = postSolution
		{6AFD8909-5624-4275-8344-D6664B0ABD4A}.Debug|Any CPU.ActiveCfg = Debug|Any CPU
		{6AFD8909-5624-4275-8344-D6664B0ABD4A}.Debug|Any CPU.Build.0 = Debug|Any CPU
		{6AFD8909-5624-4275-8344-D6664B0ABD4A}.Release|Any CPU.ActiveCfg = Release|Any CPU
		{6AFD8909-5624-4275-8344-D6664B0ABD4A}.Release|Any CPU.Build.0 = Release|Any CPU
	EndGlobalSection
	GlobalSection(SolutionProperties) = preSolution
		HideSolutionNode = FALSE
	EndGlobalSection
	GlobalSection(ExtensibilityGlobals) = postSolution
		SolutionGuid = {90B4565F-4976-4E43-9300-241EDE52E9CD}
	EndGlobalSection
EndGlobal
